{
  "requires": true,
  "lockfileVersion": 1,
  "dependencies": {
    "@sentry/apm": {
      "version": "5.19.2",
      "resolved": "https://registry.npmjs.org/@sentry/apm/-/apm-5.19.2.tgz",
      "integrity": "sha512-V7p5niqG/Nn1OSMAyreChiIrQFYzFHKADKNaDEvIXqC4hxFnMG8lPRqEFJH49fNjsFBFfIG9iY1rO1ZFg3S42Q==",
      "requires": {
        "@sentry/browser": "5.19.2",
        "@sentry/hub": "5.19.2",
        "@sentry/minimal": "5.19.2",
        "@sentry/types": "5.19.2",
        "@sentry/utils": "5.19.2",
        "tslib": "^1.9.3"
      }
    },
    "@sentry/browser": {
      "version": "5.19.2",
      "resolved": "https://registry.npmjs.org/@sentry/browser/-/browser-5.19.2.tgz",
      "integrity": "sha512-o6Z532n+0N5ANDzgR9GN+Q6CU7zVlIJvBEW234rBiB+ZZj6XwTLS1dD+JexGr8lCo8PeXI2rypKcj1jUGLVW8w==",
      "requires": {
        "@sentry/core": "5.19.2",
        "@sentry/types": "5.19.2",
        "@sentry/utils": "5.19.2",
        "tslib": "^1.9.3"
      }
    },
    "@sentry/core": {
      "version": "5.19.2",
      "resolved": "https://registry.npmjs.org/@sentry/core/-/core-5.19.2.tgz",
      "integrity": "sha512-sfbBsVXpA0WYJUichz5IhvqKD8xJUfQvsszrTsUKa7PQAMAboOmuh6bo8KquaVQnAZyZWZU08UduvlSV3tA7tw==",
      "requires": {
        "@sentry/hub": "5.19.2",
        "@sentry/minimal": "5.19.2",
        "@sentry/types": "5.19.2",
        "@sentry/utils": "5.19.2",
        "tslib": "^1.9.3"
      }
    },
    "@sentry/hub": {
      "version": "5.19.2",
      "resolved": "https://registry.npmjs.org/@sentry/hub/-/hub-5.19.2.tgz",
      "integrity": "sha512-2KkEYX4q9TDCOiaVEo2kQ1W0IXyZxJxZtIjDdFQyes9T4ubYlKHAbvCjTxHSQv37lDO4t7sOIApWG9rlkHzlEA==",
      "requires": {
        "@sentry/types": "5.19.2",
        "@sentry/utils": "5.19.2",
        "tslib": "^1.9.3"
      }
    },
    "@sentry/minimal": {
      "version": "5.19.2",
      "resolved": "https://registry.npmjs.org/@sentry/minimal/-/minimal-5.19.2.tgz",
      "integrity": "sha512-rApEOkjy+ZmkeqEItgFvUFxe5l+dht9AumuUzq74pWp+HJqxxv9IVTusKppBsE1adjtmyhwK4O3Wr8qyc75xlw==",
      "requires": {
        "@sentry/hub": "5.19.2",
        "@sentry/types": "5.19.2",
        "tslib": "^1.9.3"
      }
    },
    "@sentry/node": {
      "version": "5.19.2",
      "resolved": "https://registry.npmjs.org/@sentry/node/-/node-5.19.2.tgz",
      "integrity": "sha512-gbww3iTWkdvYIAhOmULbv8znKwkIpklGJ0SPtAh0orUMuaa0lVht+6HQIhRgeXp50lMzNaYC3fuzkbFfYgpS7A==",
      "requires": {
        "@sentry/apm": "5.19.2",
        "@sentry/core": "5.19.2",
        "@sentry/hub": "5.19.2",
        "@sentry/types": "5.19.2",
        "@sentry/utils": "5.19.2",
        "cookie": "^0.3.1",
        "https-proxy-agent": "^5.0.0",
        "lru_map": "^0.3.3",
        "tslib": "^1.9.3"
      }
    },
    "@sentry/types": {
      "version": "5.19.2",
      "resolved": "https://registry.npmjs.org/@sentry/types/-/types-5.19.2.tgz",
      "integrity": "sha512-O6zkW8oM1qK5Uma9+B/UMlmlm9/gkw9MooqycWuEhIaKfDBj/yVbwb/UTiJmNkGc5VJQo0v1uXUZZQt6/Xq1GA=="
    },
    "@sentry/utils": {
      "version": "5.19.2",
      "resolved": "https://registry.npmjs.org/@sentry/utils/-/utils-5.19.2.tgz",
      "integrity": "sha512-gEPkC0CJwvIWqcTcPSdIzqJkJa9N5vZzUZyBvdu1oiyJu7MfazpJEvj3whfJMysSfXJQxoJ+a1IPrA73VY23VA==",
      "requires": {
        "@sentry/types": "5.19.2",
        "tslib": "^1.9.3"
      }
    },
    "@types/body-parser": {
      "version": "1.19.0",
      "resolved": "https://registry.npmjs.org/@types/body-parser/-/body-parser-1.19.0.tgz",
      "integrity": "sha512-W98JrE0j2K78swW4ukqMleo8R7h/pFETjM2DQ90MF6XK2i4LO4W3gQ71Lt4w3bfm2EvVSyWHplECvB5sK22yFQ==",
      "requires": {
        "@types/connect": "*",
        "@types/node": "*"
      }
    },
    "@types/connect": {
      "version": "3.4.33",
      "resolved": "https://registry.npmjs.org/@types/connect/-/connect-3.4.33.tgz",
      "integrity": "sha512-2+FrkXY4zllzTNfJth7jOqEHC+enpLeGslEhpnTAkg21GkRrWV4SsAtqchtT4YS9/nODBU2/ZfsBY2X4J/dX7A==",
      "requires": {
        "@types/node": "*"
      }
    },
    "@types/cors": {
      "version": "2.8.6",
      "resolved": "https://registry.npmjs.org/@types/cors/-/cors-2.8.6.tgz",
      "integrity": "sha512-invOmosX0DqbpA+cE2yoHGUlF/blyf7nB0OGYBBiH27crcVm5NmFaZkLP4Ta1hGaesckCi5lVLlydNJCxkTOSg==",
      "requires": {
        "@types/express": "*"
      }
    },
    "@types/express": {
      "version": "4.17.7",
      "resolved": "https://registry.npmjs.org/@types/express/-/express-4.17.7.tgz",
      "integrity": "sha512-dCOT5lcmV/uC2J9k0rPafATeeyz+99xTt54ReX11/LObZgfzJqZNcW27zGhYyX+9iSEGXGt5qLPwRSvBZcLvtQ==",
      "requires": {
        "@types/body-parser": "*",
        "@types/express-serve-static-core": "*",
        "@types/qs": "*",
        "@types/serve-static": "*"
      }
    },
    "@types/express-serve-static-core": {
      "version": "4.17.8",
      "resolved": "https://registry.npmjs.org/@types/express-serve-static-core/-/express-serve-static-core-4.17.8.tgz",
      "integrity": "sha512-1SJZ+R3Q/7mLkOD9ewCBDYD2k0WyZQtWYqF/2VvoNN2/uhI49J9CDN4OAm+wGMA0DbArA4ef27xl4+JwMtGggw==",
      "requires": {
        "@types/node": "*",
        "@types/qs": "*",
        "@types/range-parser": "*"
      }
    },
    "@types/mime": {
      "version": "2.0.2",
      "resolved": "https://registry.npmjs.org/@types/mime/-/mime-2.0.2.tgz",
      "integrity": "sha512-4kPlzbljFcsttWEq6aBW0OZe6BDajAmyvr2xknBG92tejQnvdGtT9+kXSZ580DqpxY9qG2xeQVF9Dq0ymUTo5Q=="
    },
    "@types/node": {
      "version": "14.0.23",
      "resolved": "https://registry.npmjs.org/@types/node/-/node-14.0.23.tgz",
      "integrity": "sha512-Z4U8yDAl5TFkmYsZdFPdjeMa57NOvnaf1tljHzhouaPEp7LCj2JKkejpI1ODviIAQuW4CcQmxkQ77rnLsOOoKw=="
    },
    "@types/qs": {
      "version": "6.9.3",
      "resolved": "https://registry.npmjs.org/@types/qs/-/qs-6.9.3.tgz",
      "integrity": "sha512-7s9EQWupR1fTc2pSMtXRQ9w9gLOcrJn+h7HOXw4evxyvVqMi4f+q7d2tnFe3ng3SNHjtK+0EzGMGFUQX4/AQRA=="
    },
    "@types/range-parser": {
      "version": "1.2.3",
      "resolved": "https://registry.npmjs.org/@types/range-parser/-/range-parser-1.2.3.tgz",
      "integrity": "sha512-ewFXqrQHlFsgc09MK5jP5iR7vumV/BYayNC6PgJO2LPe8vrnNFyjQjSppfEngITi0qvfKtzFvgKymGheFM9UOA=="
    },
    "@types/serve-static": {
      "version": "1.13.4",
      "resolved": "https://registry.npmjs.org/@types/serve-static/-/serve-static-1.13.4.tgz",
      "integrity": "sha512-jTDt0o/YbpNwZbQmE/+2e+lfjJEJJR0I3OFaKQKPWkASkCoW3i6fsUnqudSMcNAfbtmADGu8f4MV4q+GqULmug==",
      "requires": {
        "@types/express-serve-static-core": "*",
        "@types/mime": "*"
      }
    },
    "agent-base": {
      "version": "6.0.1",
      "resolved": "https://registry.npmjs.org/agent-base/-/agent-base-6.0.1.tgz",
      "integrity": "sha512-01q25QQDwLSsyfhrKbn8yuur+JNw0H+0Y4JiGIKd3z9aYk/w/2kxD/Upc+t2ZBBSUNff50VjPsSW2YxM8QYKVg==",
      "requires": {
        "debug": "4"
      }
    },
    "cookie": {
      "version": "0.3.1",
      "resolved": "https://registry.npmjs.org/cookie/-/cookie-0.3.1.tgz",
      "integrity": "sha1-5+Ch+e9DtMi6klxcWpboBtFoc7s="
    },
    "debug": {
      "version": "4.1.1",
      "resolved": "https://registry.npmjs.org/debug/-/debug-4.1.1.tgz",
      "integrity": "sha512-pYAIzeRo8J6KPEaJ0VWOh5Pzkbw/RetuzehGM7QRRX5he4fPHx2rdKMB256ehJCkX+XRQm16eZLqLNS8RSZXZw==",
      "requires": {
        "ms": "^2.1.1"
      }
    },
    "https-proxy-agent": {
      "version": "5.0.0",
      "resolved": "https://registry.npmjs.org/https-proxy-agent/-/https-proxy-agent-5.0.0.tgz",
      "integrity": "sha512-EkYm5BcKUGiduxzSt3Eppko+PiNWNEpa4ySk9vTC6wDsQJW9rHSa+UhGNJoRYp7bz6Ht1eaRIa6QaJqO5rCFbA==",
      "requires": {
        "agent-base": "6",
        "debug": "4"
      }
    },
    "lru_map": {
      "version": "0.3.3",
      "resolved": "https://registry.npmjs.org/lru_map/-/lru_map-0.3.3.tgz",
      "integrity": "sha1-tcg1G5Rky9dQM1p5ZQoOwOVhGN0="
    },
    "ms": {
      "version": "2.1.2",
      "resolved": "https://registry.npmjs.org/ms/-/ms-2.1.2.tgz",
      "integrity": "sha512-sGkPx+VjMtmA6MX27oA4FBFELFCZZ4S4XqeGOXCv68tT+jb3vk/RyaKWP0PTKyWtmLSM0b+adUTEvbs1PEaH2w=="
    },
    "tslib": {
      "version": "1.13.0",
      "resolved": "https://registry.npmjs.org/tslib/-/tslib-1.13.0.tgz",
      "integrity": "sha512-i/6DQjL8Xf3be4K/E6Wgpekn5Qasl1usyw++dAA35Ue5orEn65VIxOA+YvNNl9HV3qv70T7CNwjODHZrLwvd1Q=="
    }
  }
}
